// !$*UTF8*$!
{
	archiveVersion = 1;
	classes = {
	};
	objectVersion = 55;
	objects = {

/* Begin PBXBuildFile section */
		541A7AF528807DB90052BD23 /* AppDelegate.m in Sources */ = {isa = PBXBuildFile; fileRef = 541A7AF428807DB90052BD23 /* AppDelegate.m */; };
		541A7AF828807DB90052BD23 /* SceneDelegate.m in Sources */ = {isa = PBXBuildFile; fileRef = 541A7AF728807DB90052BD23 /* SceneDelegate.m */; };
		541A7AFE28807DB90052BD23 /* Main.storyboard in Resources */ = {isa = PBXBuildFile; fileRef = 541A7AFC28807DB90052BD23 /* Main.storyboard */; };
		541A7B0028807DBB0052BD23 /* Assets.xcassets in Resources */ = {isa = PBXBuildFile; fileRef = 541A7AFF28807DBB0052BD23 /* Assets.xcassets */; };
		541A7B0328807DBB0052BD23 /* LaunchScreen.storyboard in Resources */ = {isa = PBXBuildFile; fileRef = 541A7B0128807DBB0052BD23 /* LaunchScreen.storyboard */; };
		541A7B0628807DBB0052BD23 /* main.m in Sources */ = {isa = PBXBuildFile; fileRef = 541A7B0528807DBB0052BD23 /* main.m */; };
		541A7B1428807E8F0052BD23 /* Post.m in Sources */ = {isa = PBXBuildFile; fileRef = 541A7B1328807E8F0052BD23 /* Post.m */; };
		541A7B172880836C0052BD23 /* PostController.m in Sources */ = {isa = PBXBuildFile; fileRef = 541A7B162880836C0052BD23 /* PostController.m */; };
		541A7B1A28808C6C0052BD23 /* SearchPostTableViewController.swift in Sources */ = {isa = PBXBuildFile; fileRef = 541A7B1928808C6C0052BD23 /* SearchPostTableViewController.swift */; };
		541A7B1C28808F010052BD23 /* PostTableViewCell.swift in Sources */ = {isa = PBXBuildFile; fileRef = 541A7B1B28808F010052BD23 /* PostTableViewCell.swift */; };
/* End PBXBuildFile section */

/* Begin PBXFileReference section */
		541A7AF028807DB90052BD23 /* RedditObjC.app */ = {isa = PBXFileReference; explicitFileType = wrapper.application; includeInIndex = 0; path = RedditObjC.app; sourceTree = BUILT_PRODUCTS_DIR; };
		541A7AF328807DB90052BD23 /* AppDelegate.h */ = {isa = PBXFileReference; lastKnownFileType = sourcecode.c.h; path = AppDelegate.h; sourceTree = "<group>"; };
		541A7AF428807DB90052BD23 /* AppDelegate.m */ = {isa = PBXFileReference; lastKnownFileType = sourcecode.c.objc; path = AppDelegate.m; sourceTree = "<group>"; };
		541A7AF628807DB90052BD23 /* SceneDelegate.h */ = {isa = PBXFileReference; lastKnownFileType = sourcecode.c.h; path = SceneDelegate.h; sourceTree = "<group>"; };
		541A7AF728807DB90052BD23 /* SceneDelegate.m */ = {isa = PBXFileReference; lastKnownFileType = sourcecode.c.objc; path = SceneDelegate.m; sourceTree = "<group>"; };
		541A7AFD28807DB90052BD23 /* Base */ = {isa = PBXFileReference; lastKnownFileType = file.storyboard; name = Base; path = Base.lproj/Main.storyboard; sourceTree = "<group>"; };
		541A7AFF28807DBB0052BD23 /* Assets.xcassets */ = {isa = PBXFileReference; lastKnownFileType = folder.assetcatalog; path = Assets.xcassets; sourceTree = "<group>"; };
		541A7B0228807DBB0052BD23 /* Base */ = {isa = PBXFileReference; lastKnownFileType = file.storyboard; name = Base; path = Base.lproj/LaunchScreen.storyboard; sourceTree = "<group>"; };
		541A7B0428807DBB0052BD23 /* Info.plist */ = {isa = PBXFileReference; lastKnownFileType = text.plist.xml; path = Info.plist; sourceTree = "<group>"; };
		541A7B0528807DBB0052BD23 /* main.m */ = {isa = PBXFileReference; lastKnownFileType = sourcecode.c.objc; path = main.m; sourceTree = "<group>"; };
		541A7B1228807E8F0052BD23 /* Post.h */ = {isa = PBXFileReference; lastKnownFileType = sourcecode.c.h; path = Post.h; sourceTree = "<group>"; };
		541A7B1328807E8F0052BD23 /* Post.m */ = {isa = PBXFileReference; lastKnownFileType = sourcecode.c.objc; path = Post.m; sourceTree = "<group>"; };
		541A7B152880836C0052BD23 /* PostController.h */ = {isa = PBXFileReference; lastKnownFileType = sourcecode.c.h; path = PostController.h; sourceTree = "<group>"; };
		541A7B162880836C0052BD23 /* PostController.m */ = {isa = PBXFileReference; lastKnownFileType = sourcecode.c.objc; path = PostController.m; sourceTree = "<group>"; };
		541A7B1828808C6C0052BD23 /* RedditObjC-Bridging-Header.h */ = {isa = PBXFileReference; lastKnownFileType = sourcecode.c.h; path = "RedditObjC-Bridging-Header.h"; sourceTree = "<group>"; };
		541A7B1928808C6C0052BD23 /* SearchPostTableViewController.swift */ = {isa = PBXFileReference; lastKnownFileType = sourcecode.swift; path = SearchPostTableViewController.swift; sourceTree = "<group>"; };
		541A7B1B28808F010052BD23 /* PostTableViewCell.swift */ = {isa = PBXFileReference; lastKnownFileType = sourcecode.swift; path = PostTableViewCell.swift; sourceTree = "<group>"; };
/* End PBXFileReference section */

/* Begin PBXFrameworksBuildPhase section */
		541A7AED28807DB90052BD23 /* Frameworks */ = {
			isa = PBXFrameworksBuildPhase;
			buildActionMask = 2147483647;
			files = (
			);
			runOnlyForDeploymentPostprocessing = 0;
		};
/* End PBXFrameworksBuildPhase section */

/* Begin PBXGroup section */
		541A7AE728807DB90052BD23 = {
			isa = PBXGroup;
			children = (
				541A7AF228807DB90052BD23 /* RedditObjC */,
				541A7AF128807DB90052BD23 /* Products */,
			);
			sourceTree = "<group>";
		};
		541A7AF128807DB90052BD23 /* Products */ = {
			isa = PBXGroup;
			children = (
				541A7AF028807DB90052BD23 /* RedditObjC.app */,
			);
			name = Products;
			sourceTree = "<group>";
		};
		541A7AF228807DB90052BD23 /* RedditObjC */ = {
			isa = PBXGroup;
			children = (
				541A7B1128807E020052BD23 /* Resources */,
				541A7B0E28807DE60052BD23 /* Controllers */,
				541A7B0D28807DE10052BD23 /* Views */,
				541A7B0C28807DDA0052BD23 /* Models */,
			);
			path = RedditObjC;
			sourceTree = "<group>";
		};
		541A7B0C28807DDA0052BD23 /* Models */ = {
			isa = PBXGroup;
			children = (
				541A7B1228807E8F0052BD23 /* Post.h */,
				541A7B1328807E8F0052BD23 /* Post.m */,
			);
			path = Models;
			sourceTree = "<group>";
		};
		541A7B0D28807DE10052BD23 /* Views */ = {
			isa = PBXGroup;
			children = (
				541A7B0128807DBB0052BD23 /* LaunchScreen.storyboard */,
				541A7AFC28807DB90052BD23 /* Main.storyboard */,
				541A7B1B28808F010052BD23 /* PostTableViewCell.swift */,
			);
			path = Views;
			sourceTree = "<group>";
		};
		541A7B0E28807DE60052BD23 /* Controllers */ = {
			isa = PBXGroup;
			children = (
				541A7B1028807DF50052BD23 /* ViewControllers */,
				541A7B0F28807DED0052BD23 /* ModelControllers */,
			);
			path = Controllers;
			sourceTree = "<group>";
		};
		541A7B0F28807DED0052BD23 /* ModelControllers */ = {
			isa = PBXGroup;
			children = (
				541A7B152880836C0052BD23 /* PostController.h */,
				541A7B162880836C0052BD23 /* PostController.m */,
			);
			path = ModelControllers;
			sourceTree = "<group>";
		};
		541A7B1028807DF50052BD23 /* ViewControllers */ = {
			isa = PBXGroup;
			children = (
				541A7B1928808C6C0052BD23 /* SearchPostTableViewController.swift */,
				541A7B1828808C6C0052BD23 /* RedditObjC-Bridging-Header.h */,
			);
			path = ViewControllers;
			sourceTree = "<group>";
		};
		541A7B1128807E020052BD23 /* Resources */ = {
			isa = PBXGroup;
			children = (
				541A7AF328807DB90052BD23 /* AppDelegate.h */,
				541A7AF428807DB90052BD23 /* AppDelegate.m */,
				541A7AF628807DB90052BD23 /* SceneDelegate.h */,
				541A7AF728807DB90052BD23 /* SceneDelegate.m */,
				541A7AFF28807DBB0052BD23 /* Assets.xcassets */,
				541A7B0428807DBB0052BD23 /* Info.plist */,
				541A7B0528807DBB0052BD23 /* main.m */,
			);
			path = Resources;
			sourceTree = "<group>";
		};
/* End PBXGroup section */

/* Begin PBXNativeTarget section */
		541A7AEF28807DB90052BD23 /* RedditObjC */ = {
			isa = PBXNativeTarget;
			buildConfigurationList = 541A7B0928807DBB0052BD23 /* Build configuration list for PBXNativeTarget "RedditObjC" */;
			buildPhases = (
				541A7AEC28807DB90052BD23 /* Sources */,
				541A7AED28807DB90052BD23 /* Frameworks */,
				541A7AEE28807DB90052BD23 /* Resources */,
			);
			buildRules = (
			);
			dependencies = (
			);
			name = RedditObjC;
			productName = RedditObjC;
			productReference = 541A7AF028807DB90052BD23 /* RedditObjC.app */;
			productType = "com.apple.product-type.application";
		};
/* End PBXNativeTarget section */

/* Begin PBXProject section */
		541A7AE828807DB90052BD23 /* Project object */ = {
			isa = PBXProject;
			attributes = {
				BuildIndependentTargetsInParallel = 1;
				LastUpgradeCheck = 1340;
				TargetAttributes = {
					541A7AEF28807DB90052BD23 = {
						CreatedOnToolsVersion = 13.4.1;
						LastSwiftMigration = 1340;
					};
				};
			};
			buildConfigurationList = 541A7AEB28807DB90052BD23 /* Build configuration list for PBXProject "RedditObjC" */;
			compatibilityVersion = "Xcode 13.0";
			developmentRegion = en;
			hasScannedForEncodings = 0;
			knownRegions = (
				en,
				Base,
			);
			mainGroup = 541A7AE728807DB90052BD23;
			productRefGroup = 541A7AF128807DB90052BD23 /* Products */;
			projectDirPath = "";
			projectRoot = "";
			targets = (
				541A7AEF28807DB90052BD23 /* RedditObjC */,
			);
		};
/* End PBXProject section */

/* Begin PBXResourcesBuildPhase section */
		541A7AEE28807DB90052BD23 /* Resources */ = {
			isa = PBXResourcesBuildPhase;
			buildActionMask = 2147483647;
			files = (
				541A7B0328807DBB0052BD23 /* LaunchScreen.storyboard in Resources */,
				541A7B0028807DBB0052BD23 /* Assets.xcassets in Resources */,
				541A7AFE28807DB90052BD23 /* Main.storyboard in Resources */,
			);
			runOnlyForDeploymentPostprocessing = 0;
		};
/* End PBXResourcesBuildPhase section */

/* Begin PBXSourcesBuildPhase section */
		541A7AEC28807DB90052BD23 /* Sources */ = {
			isa = PBXSourcesBuildPhase;
			buildActionMask = 2147483647;
			files = (
				541A7B1C28808F010052BD23 /* PostTableViewCell.swift in Sources */,
				541A7AF528807DB90052BD23 /* AppDelegate.m in Sources */,
				541A7B1A28808C6C0052BD23 /* SearchPostTableViewController.swift in Sources */,
				541A7B0628807DBB0052BD23 /* main.m in Sources */,
				541A7B172880836C0052BD23 /* PostController.m in Sources */,
				541A7AF828807DB90052BD23 /* SceneDelegate.m in Sources */,
				541A7B1428807E8F0052BD23 /* Post.m in Sources */,
			);
			runOnlyForDeploymentPostprocessing = 0;
		};
/* End PBXSourcesBuildPhase section */

/* Begin PBXVariantGroup section */
		541A7AFC28807DB90052BD23 /* Main.storyboard */ = {
			isa = PBXVariantGroup;
			children = (
				541A7AFD28807DB90052BD23 /* Base */,
			);
			name = Main.storyboard;
			sourceTree = "<group>";
		};
		541A7B0128807DBB0052BD23 /* LaunchScreen.storyboard */ = {
			isa = PBXVariantGroup;
			children = (
				541A7B0228807DBB0052BD23 /* Base */,
			);
			name = LaunchScreen.storyboard;
			sourceTree = "<group>";
		};
/* End PBXVariantGroup section */

/* Begin XCBuildConfiguration section */
		541A7B0728807DBB0052BD23 /* Debug */ = {
			isa = XCBuildConfiguration;
			buildSettings = {
				ALWAYS_SEARCH_USER_PATHS = NO;
				CLANG_ANALYZER_NONNULL = YES;
				CLANG_ANALYZER_NUMBER_OBJECT_CONVERSION = YES_AGGRESSIVE;
				CLANG_CXX_LANGUAGE_STANDARD = "gnu++17";
				CLANG_ENABLE_MODULES = YES;
				CLANG_ENABLE_OBJC_ARC = YES;
				CLANG_ENABLE_OBJC_WEAK = YES;
				CLANG_WARN_BLOCK_CAPTURE_AUTORELEASING = YES;
				CLANG_WARN_BOOL_CONVERSION = YES;
				CLANG_WARN_COMMA = YES;
				CLANG_WARN_CONSTANT_CONVERSION = YES;
				CLANG_WARN_DEPRECATED_OBJC_IMPLEMENTATIONS = YES;
				CLANG_WARN_DIRECT_OBJC_ISA_USAGE = YES_ERROR;
				CLANG_WARN_DOCUMENTATION_COMMENTS = YES;
				CLANG_WARN_EMPTY_BODY = YES;
				CLANG_WARN_ENUM_CONVERSION = YES;
				CLANG_WARN_INFINITE_RECURSION = YES;
				CLANG_WARN_INT_CONVERSION = YES;
				CLANG_WARN_NON_LITERAL_NULL_CONVERSION = YES;
				CLANG_WARN_OBJC_IMPLICIT_RETAIN_SELF = YES;
				CLANG_WARN_OBJC_LITERAL_CONVERSION = YES;
				CLANG_WARN_OBJC_ROOT_CLASS = YES_ERROR;
				CLANG_WARN_QUOTED_INCLUDE_IN_FRAMEWORK_HEADER = YES;
				CLANG_WARN_RANGE_LOOP_ANALYSIS = YES;
				CLANG_WARN_STRICT_PROTOTYPES = YES;
				CLANG_WARN_SUSPICIOUS_MOVE = YES;
				CLANG_WARN_UNGUARDED_AVAILABILITY = YES_AGGRESSIVE;
				CLANG_WARN_UNREACHABLE_CODE = YES;
				CLANG_WARN__DUPLICATE_METHOD_MATCH = YES;
				COPY_PHASE_STRIP = NO;
				DEBUG_INFORMATION_FORMAT = dwarf;
				ENABLE_STRICT_OBJC_MSGSEND = YES;
				ENABLE_TESTABILITY = YES;
				GCC_C_LANGUAGE_STANDARD = gnu11;
				GCC_DYNAMIC_NO_PIC = NO;
				GCC_NO_COMMON_BLOCKS = YES;
				GCC_OPTIMIZATION_LEVEL = 0;
				GCC_PREPROCESSOR_DEFINITIONS = (
					"DEBUG=1",
					"$(inherited)",
				);
				GCC_WARN_64_TO_32_BIT_CONVERSION = YES;
				GCC_WARN_ABOUT_RETURN_TYPE = YES_ERROR;
				GCC_WARN_UNDECLARED_SELECTOR = YES;
				GCC_WARN_UNINITIALIZED_AUTOS = YES_AGGRESSIVE;
				GCC_WARN_UNUSED_FUNCTION = YES;
				GCC_WARN_UNUSED_VARIABLE = YES;
				IPHONEOS_DEPLOYMENT_TARGET = 15.5;
				MTL_ENABLE_DEBUG_INFO = INCLUDE_SOURCE;
				MTL_FAST_MATH = YES;
				ONLY_ACTIVE_ARCH = YES;
				SDKROOT = iphoneos;
			};
			name = Debug;
		};
		541A7B0828807DBB0052BD23 /* Release */ = {
			isa = XCBuildConfiguration;
			buildSettings = {
				ALWAYS_SEARCH_USER_PATHS = NO;
				CLANG_ANALYZER_NONNULL = YES;
				CLANG_ANALYZER_NUMBER_OBJECT_CONVERSION = YES_AGGRESSIVE;
				CLANG_CXX_LANGUAGE_STANDARD = "gnu++17";
				CLANG_ENABLE_MODULES = YES;
				CLANG_ENABLE_OBJC_ARC = YES;
				CLANG_ENABLE_OBJC_WEAK = YES;
				CLANG_WARN_BLOCK_CAPTURE_AUTORELEASING = YES;
				CLANG_WARN_BOOL_CONVERSION = YES;
				CLANG_WARN_COMMA = YES;
				CLANG_WARN_CONSTANT_CONVERSION = YES;
				CLANG_WARN_DEPRECATED_OBJC_IMPLEMENTATIONS = YES;
				CLANG_WARN_DIRECT_OBJC_ISA_USAGE = YES_ERROR;
				CLANG_WARN_DOCUMENTATION_COMMENTS = YES;
				CLANG_WARN_EMPTY_BODY = YES;
				CLANG_WARN_ENUM_CONVERSION = YES;
				CLANG_WARN_INFINITE_RECURSION = YES;
				CLANG_WARN_INT_CONVERSION = YES;
				CLANG_WARN_NON_LITERAL_NULL_CONVERSION = YES;
				CLANG_WARN_OBJC_IMPLICIT_RETAIN_SELF = YES;
				CLANG_WARN_OBJC_LITERAL_CONVERSION = YES;
				CLANG_WARN_OBJC_ROOT_CLASS = YES_ERROR;
				CLANG_WARN_QUOTED_INCLUDE_IN_FRAMEWORK_HEADER = YES;
				CLANG_WARN_RANGE_LOOP_ANALYSIS = YES;
				CLANG_WARN_STRICT_PROTOTYPES = YES;
				CLANG_WARN_SUSPICIOUS_MOVE = YES;
				CLANG_WARN_UNGUARDED_AVAILABILITY = YES_AGGRESSIVE;
				CLANG_WARN_UNREACHABLE_CODE = YES;
				CLANG_WARN__DUPLICATE_METHOD_MATCH = YES;
				COPY_PHASE_STRIP = NO;
				DEBUG_INFORMATION_FORMAT = "dwarf-with-dsym";
				ENABLE_NS_ASSERTIONS = NO;
				ENABLE_STRICT_OBJC_MSGSEND = YES;
				GCC_C_LANGUAGE_STANDARD = gnu11;
				GCC_NO_COMMON_BLOCKS = YES;
				GCC_WARN_64_TO_32_BIT_CONVERSION = YES;
				GCC_WARN_ABOUT_RETURN_TYPE = YES_ERROR;
				GCC_WARN_UNDECLARED_SELECTOR = YES;
				GCC_WARN_UNINITIALIZED_AUTOS = YES_AGGRESSIVE;
				GCC_WARN_UNUSED_FUNCTION = YES;
				GCC_WARN_UNUSED_VARIABLE = YES;
				IPHONEOS_DEPLOYMENT_TARGET = 15.5;
				MTL_ENABLE_DEBUG_INFO = NO;
				MTL_FAST_MATH = YES;
				SDKROOT = iphoneos;
				VALIDATE_PRODUCT = YES;
			};
			name = Release;
		};
		541A7B0A28807DBB0052BD23 /* Debug */ = {
			isa = XCBuildConfiguration;
			buildSettings = {
				ASSETCATALOG_COMPILER_APPICON_NAME = AppIcon;
				ASSETCATALOG_COMPILER_GLOBAL_ACCENT_COLOR_NAME = AccentColor;
				CLANG_ENABLE_MODULES = YES;
				CODE_SIGN_STYLE = Automatic;
				CURRENT_PROJECT_VERSION = 1;
				DEVELOPMENT_TEAM = QAY6XTDMYU;
				GENERATE_INFOPLIST_FILE = YES;
				INFOPLIST_FILE = RedditObjC/Resources/Info.plist;
				INFOPLIST_KEY_UIApplicationSupportsIndirectInputEvents = YES;
				INFOPLIST_KEY_UILaunchStoryboardName = LaunchScreen;
				INFOPLIST_KEY_UIMainStoryboardFile = Main;
				INFOPLIST_KEY_UISupportedInterfaceOrientations_iPad = "UIInterfaceOrientationPortrait UIInterfaceOrientationPortraitUpsideDown UIInterfaceOrientationLandscapeLeft UIInterfaceOrientationLandscapeRight";
				INFOPLIST_KEY_UISupportedInterfaceOrientations_iPhone = "UIInterfaceOrientationPortrait UIInterfaceOrientationLandscapeLeft UIInterfaceOrientationLandscapeRight";
				LD_RUNPATH_SEARCH_PATHS = (
					"$(inherited)",
					"@executable_path/Frameworks",
				);
				MARKETING_VERSION = 1.0;
				PRODUCT_BUNDLE_IDENTIFIER = com.neverwinter9.RedditObjC;
				PRODUCT_NAME = "$(TARGET_NAME)";
				SWIFT_EMIT_LOC_STRINGS = YES;
				SWIFT_OBJC_BRIDGING_HEADER = "RedditObjC/Controllers/ViewControllers/RedditObjC-Bridging-Header.h";
				SWIFT_OPTIMIZATION_LEVEL = "-Onone";
				SWIFT_VERSION = 5.0;
				TARGETED_DEVICE_FAMILY = "1,2";
			};
			name = Debug;
		};
		541A7B0B28807DBB0052BD23 /* Release */ = {
			isa = XCBuildConfiguration;
			buildSettings = {
				ASSETCATALOG_COMPILER_APPICON_NAME = AppIcon;
				ASSETCATALOG_COMPILER_GLOBAL_ACCENT_COLOR_NAME = AccentColor;
				CLANG_ENABLE_MODULES = YES;
				CODE_SIGN_STYLE = Automatic;
				CURRENT_PROJECT_VERSION = 1;
				DEVELOPMENT_TEAM = QAY6XTDMYU;
				GENERATE_INFOPLIST_FILE = YES;
				INFOPLIST_FILE = RedditObjC/Resources/Info.plist;
				INFOPLIST_KEY_UIApplicationSupportsIndirectInputEvents = YES;
				INFOPLIST_KEY_UILaunchStoryboardName = LaunchScreen;
				INFOPLIST_KEY_UIMainStoryboardFile = Main;
				INFOPLIST_KEY_UISupportedInterfaceOrientations_iPad = "UIInterfaceOrientationPortrait UIInterfaceOrientationPortraitUpsideDown UIInterfaceOrientationLandscapeLeft UIInterfaceOrientationLandscapeRight";
				INFOPLIST_KEY_UISupportedInterfaceOrientations_iPhone = "UIInterfaceOrientationPortrait UIInterfaceOrientationLandscapeLeft UIInterfaceOrientationLandscapeRight";
				LD_RUNPATH_SEARCH_PATHS = (
					"$(inherited)",
					"@executable_path/Frameworks",
				);
				MARKETING_VERSION = 1.0;
				PRODUCT_BUNDLE_IDENTIFIER = com.neverwinter9.RedditObjC;
				PRODUCT_NAME = "$(TARGET_NAME)";
				SWIFT_EMIT_LOC_STRINGS = YES;
				SWIFT_OBJC_BRIDGING_HEADER = "RedditObjC/Controllers/ViewControllers/RedditObjC-Bridging-Header.h";
				SWIFT_VERSION = 5.0;
				TARGETED_DEVICE_FAMILY = "1,2";
			};
			name = Release;
		};
/* End XCBuildConfiguration section */

/* Begin XCConfigurationList section */
		541A7AEB28807DB90052BD23 /* Build configuration list for PBXProject "RedditObjC" */ = {
			isa = XCConfigurationList;
			buildConfigurations = (
				541A7B0728807DBB0052BD23 /* Debug */,
				541A7B0828807DBB0052BD23 /* Release */,
			);
			defaultConfigurationIsVisible = 0;
			defaultConfigurationName = Release;
		};
		541A7B0928807DBB0052BD23 /* Build configuration list for PBXNativeTarget "RedditObjC" */ = {
			isa = XCConfigurationList;
			buildConfigurations = (
				541A7B0A28807DBB0052BD23 /* Debug */,
				541A7B0B28807DBB0052BD23 /* Release */,
			);
			defaultConfigurationIsVisible = 0;
			defaultConfigurationName = Release;
		};
/* End XCConfigurationList section */
	};
	rootObject = 541A7AE828807DB90052BD23 /* Project object */;
}
